// !$*UTF8*$!
{
	archiveVersion = 1;
	classes = {
	};
	objectVersion = 51;
	objects = {

/* Begin PBXBuildFile section */
		6B042A86AFA0001ED60BB298 /* Pods_CeloDemo_CeloDemoUITests.framework in Frameworks */ = {isa = PBXBuildFile; fileRef = 58EA1056DD9D10A944758DC2 /* Pods_CeloDemo_CeloDemoUITests.framework */; };
		85CDD4FC7E06B13B5D8571EB /* Pods_CeloDemo.framework in Frameworks */ = {isa = PBXBuildFile; fileRef = 3A27935E36C81B297D06FB19 /* Pods_CeloDemo.framework */; };
		8FA15F3E6E37898381F4AFA9 /* Pods_CeloDemoTests.framework in Frameworks */ = {isa = PBXBuildFile; fileRef = 74879371FB21D3A0B101C28C /* Pods_CeloDemoTests.framework */; };
		FA53711023E6420600BA878C /* AppDelegate.swift in Sources */ = {isa = PBXBuildFile; fileRef = FA53710F23E6420600BA878C /* AppDelegate.swift */; };
		FA53711223E6420600BA878C /* SceneDelegate.swift in Sources */ = {isa = PBXBuildFile; fileRef = FA53711123E6420600BA878C /* SceneDelegate.swift */; };
		FA53711423E6420600BA878C /* MainViewController.swift in Sources */ = {isa = PBXBuildFile; fileRef = FA53711323E6420600BA878C /* MainViewController.swift */; };
		FA53711723E6420600BA878C /* Main.storyboard in Resources */ = {isa = PBXBuildFile; fileRef = FA53711523E6420600BA878C /* Main.storyboard */; };
		FA53711A23E6420600BA878C /* CeloDemo.xcdatamodeld in Sources */ = {isa = PBXBuildFile; fileRef = FA53711823E6420600BA878C /* CeloDemo.xcdatamodeld */; };
		FA53711C23E6420B00BA878C /* Assets.xcassets in Resources */ = {isa = PBXBuildFile; fileRef = FA53711B23E6420B00BA878C /* Assets.xcassets */; };
		FA53711F23E6420B00BA878C /* LaunchScreen.storyboard in Resources */ = {isa = PBXBuildFile; fileRef = FA53711D23E6420B00BA878C /* LaunchScreen.storyboard */; };
		FA53712A23E6420B00BA878C /* CeloDemoTests.swift in Sources */ = {isa = PBXBuildFile; fileRef = FA53712923E6420B00BA878C /* CeloDemoTests.swift */; };
		FA53713523E6420B00BA878C /* CeloDemoUITests.swift in Sources */ = {isa = PBXBuildFile; fileRef = FA53713423E6420B00BA878C /* CeloDemoUITests.swift */; };
		FA53714923E6551300BA878C /* MainVC_Extension.swift in Sources */ = {isa = PBXBuildFile; fileRef = FA53714823E6551300BA878C /* MainVC_Extension.swift */; };
		FA53714B23E6566D00BA878C /* listcell.xib in Resources */ = {isa = PBXBuildFile; fileRef = FA53714A23E6566D00BA878C /* listcell.xib */; };
		FA53714D23E65A0900BA878C /* UserListCell.swift in Sources */ = {isa = PBXBuildFile; fileRef = FA53714C23E65A0900BA878C /* UserListCell.swift */; };
		FA53714F23E65D1500BA878C /* Constants.swift in Sources */ = {isa = PBXBuildFile; fileRef = FA53714E23E65D1500BA878C /* Constants.swift */; };
		FA53715123E66BEA00BA878C /* APIHandler.swift in Sources */ = {isa = PBXBuildFile; fileRef = FA53715023E66BEA00BA878C /* APIHandler.swift */; };
		FA53715823E6ABC100BA878C /* DBHandler.swift in Sources */ = {isa = PBXBuildFile; fileRef = FA53715723E6ABC100BA878C /* DBHandler.swift */; };
		FA53715A23E6DB7B00BA878C /* DetailsViewController.swift in Sources */ = {isa = PBXBuildFile; fileRef = FA53715923E6DB7B00BA878C /* DetailsViewController.swift */; };
/* End PBXBuildFile section */

/* Begin PBXContainerItemProxy section */
		FA53712623E6420B00BA878C /* PBXContainerItemProxy */ = {
			isa = PBXContainerItemProxy;
			containerPortal = FA53710423E6420600BA878C /* Project object */;
			proxyType = 1;
			remoteGlobalIDString = FA53710B23E6420600BA878C;
			remoteInfo = CeloDemo;
		};
		FA53713123E6420B00BA878C /* PBXContainerItemProxy */ = {
			isa = PBXContainerItemProxy;
			containerPortal = FA53710423E6420600BA878C /* Project object */;
			proxyType = 1;
			remoteGlobalIDString = FA53710B23E6420600BA878C;
			remoteInfo = CeloDemo;
		};
/* End PBXContainerItemProxy section */

/* Begin PBXFileReference section */
		3A27935E36C81B297D06FB19 /* Pods_CeloDemo.framework */ = {isa = PBXFileReference; explicitFileType = wrapper.framework; includeInIndex = 0; path = Pods_CeloDemo.framework; sourceTree = BUILT_PRODUCTS_DIR; };
		58EA1056DD9D10A944758DC2 /* Pods_CeloDemo_CeloDemoUITests.framework */ = {isa = PBXFileReference; explicitFileType = wrapper.framework; includeInIndex = 0; path = Pods_CeloDemo_CeloDemoUITests.framework; sourceTree = BUILT_PRODUCTS_DIR; };
		60A808180CB00C213980602B /* Pods-CeloDemo.release.xcconfig */ = {isa = PBXFileReference; includeInIndex = 1; lastKnownFileType = text.xcconfig; name = "Pods-CeloDemo.release.xcconfig"; path = "Target Support Files/Pods-CeloDemo/Pods-CeloDemo.release.xcconfig"; sourceTree = "<group>"; };
		74879371FB21D3A0B101C28C /* Pods_CeloDemoTests.framework */ = {isa = PBXFileReference; explicitFileType = wrapper.framework; includeInIndex = 0; path = Pods_CeloDemoTests.framework; sourceTree = BUILT_PRODUCTS_DIR; };
		7D19CED9B4F5F3F6FDCFAD19 /* Pods-CeloDemo-CeloDemoUITests.debug.xcconfig */ = {isa = PBXFileReference; includeInIndex = 1; lastKnownFileType = text.xcconfig; name = "Pods-CeloDemo-CeloDemoUITests.debug.xcconfig"; path = "Target Support Files/Pods-CeloDemo-CeloDemoUITests/Pods-CeloDemo-CeloDemoUITests.debug.xcconfig"; sourceTree = "<group>"; };
		94F3E60B9128096C6EF39637 /* Pods-CeloDemo-CeloDemoUITests.release.xcconfig */ = {isa = PBXFileReference; includeInIndex = 1; lastKnownFileType = text.xcconfig; name = "Pods-CeloDemo-CeloDemoUITests.release.xcconfig"; path = "Target Support Files/Pods-CeloDemo-CeloDemoUITests/Pods-CeloDemo-CeloDemoUITests.release.xcconfig"; sourceTree = "<group>"; };
		A73438D30013190B5979458D /* Pods-CeloDemoTests.release.xcconfig */ = {isa = PBXFileReference; includeInIndex = 1; lastKnownFileType = text.xcconfig; name = "Pods-CeloDemoTests.release.xcconfig"; path = "Target Support Files/Pods-CeloDemoTests/Pods-CeloDemoTests.release.xcconfig"; sourceTree = "<group>"; };
		C7B6BDF609C4E293BC15D20F /* Pods-CeloDemoTests.debug.xcconfig */ = {isa = PBXFileReference; includeInIndex = 1; lastKnownFileType = text.xcconfig; name = "Pods-CeloDemoTests.debug.xcconfig"; path = "Target Support Files/Pods-CeloDemoTests/Pods-CeloDemoTests.debug.xcconfig"; sourceTree = "<group>"; };
		DA97DA4D1FBBA58949FF8E87 /* Pods-CeloDemo.debug.xcconfig */ = {isa = PBXFileReference; includeInIndex = 1; lastKnownFileType = text.xcconfig; name = "Pods-CeloDemo.debug.xcconfig"; path = "Target Support Files/Pods-CeloDemo/Pods-CeloDemo.debug.xcconfig"; sourceTree = "<group>"; };
		FA53710C23E6420600BA878C /* CeloDemo.app */ = {isa = PBXFileReference; explicitFileType = wrapper.application; includeInIndex = 0; path = CeloDemo.app; sourceTree = BUILT_PRODUCTS_DIR; };
		FA53710F23E6420600BA878C /* AppDelegate.swift */ = {isa = PBXFileReference; lastKnownFileType = sourcecode.swift; path = AppDelegate.swift; sourceTree = "<group>"; };
		FA53711123E6420600BA878C /* SceneDelegate.swift */ = {isa = PBXFileReference; lastKnownFileType = sourcecode.swift; path = SceneDelegate.swift; sourceTree = "<group>"; };
		FA53711323E6420600BA878C /* MainViewController.swift */ = {isa = PBXFileReference; lastKnownFileType = sourcecode.swift; path = MainViewController.swift; sourceTree = "<group>"; };
		FA53711623E6420600BA878C /* Base */ = {isa = PBXFileReference; lastKnownFileType = file.storyboard; name = Base; path = Base.lproj/Main.storyboard; sourceTree = "<group>"; };
		FA53711923E6420600BA878C /* CeloDemo.xcdatamodel */ = {isa = PBXFileReference; lastKnownFileType = wrapper.xcdatamodel; path = CeloDemo.xcdatamodel; sourceTree = "<group>"; };
		FA53711B23E6420B00BA878C /* Assets.xcassets */ = {isa = PBXFileReference; lastKnownFileType = folder.assetcatalog; path = Assets.xcassets; sourceTree = "<group>"; };
		FA53711E23E6420B00BA878C /* Base */ = {isa = PBXFileReference; lastKnownFileType = file.storyboard; name = Base; path = Base.lproj/LaunchScreen.storyboard; sourceTree = "<group>"; };
		FA53712523E6420B00BA878C /* CeloDemoTests.xctest */ = {isa = PBXFileReference; explicitFileType = wrapper.cfbundle; includeInIndex = 0; path = CeloDemoTests.xctest; sourceTree = BUILT_PRODUCTS_DIR; };
		FA53712923E6420B00BA878C /* CeloDemoTests.swift */ = {isa = PBXFileReference; lastKnownFileType = sourcecode.swift; path = CeloDemoTests.swift; sourceTree = "<group>"; };
		FA53712B23E6420B00BA878C /* Info.plist */ = {isa = PBXFileReference; lastKnownFileType = text.plist.xml; path = Info.plist; sourceTree = "<group>"; };
		FA53713023E6420B00BA878C /* CeloDemoUITests.xctest */ = {isa = PBXFileReference; explicitFileType = wrapper.cfbundle; includeInIndex = 0; path = CeloDemoUITests.xctest; sourceTree = BUILT_PRODUCTS_DIR; };
		FA53713423E6420B00BA878C /* CeloDemoUITests.swift */ = {isa = PBXFileReference; lastKnownFileType = sourcecode.swift; path = CeloDemoUITests.swift; sourceTree = "<group>"; };
		FA53713623E6420B00BA878C /* Info.plist */ = {isa = PBXFileReference; lastKnownFileType = text.plist.xml; path = Info.plist; sourceTree = "<group>"; };
		FA53714823E6551300BA878C /* MainVC_Extension.swift */ = {isa = PBXFileReference; lastKnownFileType = sourcecode.swift; path = MainVC_Extension.swift; sourceTree = "<group>"; };
		FA53714A23E6566D00BA878C /* listcell.xib */ = {isa = PBXFileReference; lastKnownFileType = file.xib; path = listcell.xib; sourceTree = "<group>"; };
		FA53714C23E65A0900BA878C /* UserListCell.swift */ = {isa = PBXFileReference; lastKnownFileType = sourcecode.swift; path = UserListCell.swift; sourceTree = "<group>"; };
		FA53714E23E65D1500BA878C /* Constants.swift */ = {isa = PBXFileReference; lastKnownFileType = sourcecode.swift; path = Constants.swift; sourceTree = "<group>"; };
		FA53715023E66BEA00BA878C /* APIHandler.swift */ = {isa = PBXFileReference; lastKnownFileType = sourcecode.swift; path = APIHandler.swift; sourceTree = "<group>"; };
		FA53715723E6ABC100BA878C /* DBHandler.swift */ = {isa = PBXFileReference; lastKnownFileType = sourcecode.swift; path = DBHandler.swift; sourceTree = "<group>"; };
		FA53715923E6DB7B00BA878C /* DetailsViewController.swift */ = {isa = PBXFileReference; lastKnownFileType = sourcecode.swift; path = DetailsViewController.swift; sourceTree = "<group>"; };
/* End PBXFileReference section */

/* Begin PBXFrameworksBuildPhase section */
		FA53710923E6420600BA878C /* Frameworks */ = {
			isa = PBXFrameworksBuildPhase;
			buildActionMask = 2147483647;
			files = (
				85CDD4FC7E06B13B5D8571EB /* Pods_CeloDemo.framework in Frameworks */,
			);
			runOnlyForDeploymentPostprocessing = 0;
		};
		FA53712223E6420B00BA878C /* Frameworks */ = {
			isa = PBXFrameworksBuildPhase;
			buildActionMask = 2147483647;
			files = (
				8FA15F3E6E37898381F4AFA9 /* Pods_CeloDemoTests.framework in Frameworks */,
			);
			runOnlyForDeploymentPostprocessing = 0;
		};
		FA53712D23E6420B00BA878C /* Frameworks */ = {
			isa = PBXFrameworksBuildPhase;
			buildActionMask = 2147483647;
			files = (
				6B042A86AFA0001ED60BB298 /* Pods_CeloDemo_CeloDemoUITests.framework in Frameworks */,
			);
			runOnlyForDeploymentPostprocessing = 0;
		};
/* End PBXFrameworksBuildPhase section */

/* Begin PBXGroup section */
		2D84B73DD8EFF6FAACBE221A /* Frameworks */ = {
			isa = PBXGroup;
			children = (
				3A27935E36C81B297D06FB19 /* Pods_CeloDemo.framework */,
				58EA1056DD9D10A944758DC2 /* Pods_CeloDemo_CeloDemoUITests.framework */,
				74879371FB21D3A0B101C28C /* Pods_CeloDemoTests.framework */,
			);
			name = Frameworks;
			sourceTree = "<group>";
		};
		6F10368441A9E7C9D7661507 /* Pods */ = {
			isa = PBXGroup;
			children = (
				DA97DA4D1FBBA58949FF8E87 /* Pods-CeloDemo.debug.xcconfig */,
				60A808180CB00C213980602B /* Pods-CeloDemo.release.xcconfig */,
				7D19CED9B4F5F3F6FDCFAD19 /* Pods-CeloDemo-CeloDemoUITests.debug.xcconfig */,
				94F3E60B9128096C6EF39637 /* Pods-CeloDemo-CeloDemoUITests.release.xcconfig */,
				C7B6BDF609C4E293BC15D20F /* Pods-CeloDemoTests.debug.xcconfig */,
				A73438D30013190B5979458D /* Pods-CeloDemoTests.release.xcconfig */,
			);
			path = Pods;
			sourceTree = "<group>";
		};
		FA53710323E6420600BA878C = {
			isa = PBXGroup;
			children = (
				FA53710E23E6420600BA878C /* CeloDemo */,
				FA53712823E6420B00BA878C /* CeloDemoTests */,
				FA53713323E6420B00BA878C /* CeloDemoUITests */,
				FA53710D23E6420600BA878C /* Products */,
				6F10368441A9E7C9D7661507 /* Pods */,
				2D84B73DD8EFF6FAACBE221A /* Frameworks */,
			);
			sourceTree = "<group>";
		};
		FA53710D23E6420600BA878C /* Products */ = {
			isa = PBXGroup;
			children = (
				FA53710C23E6420600BA878C /* CeloDemo.app */,
				FA53712523E6420B00BA878C /* CeloDemoTests.xctest */,
				FA53713023E6420B00BA878C /* CeloDemoUITests.xctest */,
			);
			name = Products;
			sourceTree = "<group>";
		};
		FA53710E23E6420600BA878C /* CeloDemo */ = {
			isa = PBXGroup;
			children = (
				FA53714423E651E200BA878C /* UserList */,
				FA53715223E66BEE00BA878C /* Utilities */,
				FA53714523E651FB00BA878C /* db */,
				FA53711B23E6420B00BA878C /* Assets.xcassets */,
				FA53710F23E6420600BA878C /* AppDelegate.swift */,
				FA53711123E6420600BA878C /* SceneDelegate.swift */,
				FA53711D23E6420B00BA878C /* LaunchScreen.storyboard */,
			);
			path = CeloDemo;
			sourceTree = "<group>";
		};
		FA53712823E6420B00BA878C /* CeloDemoTests */ = {
			isa = PBXGroup;
			children = (
				FA53712923E6420B00BA878C /* CeloDemoTests.swift */,
				FA53712B23E6420B00BA878C /* Info.plist */,
			);
			path = CeloDemoTests;
			sourceTree = "<group>";
		};
		FA53713323E6420B00BA878C /* CeloDemoUITests */ = {
			isa = PBXGroup;
			children = (
				FA53713423E6420B00BA878C /* CeloDemoUITests.swift */,
				FA53713623E6420B00BA878C /* Info.plist */,
			);
			path = CeloDemoUITests;
			sourceTree = "<group>";
		};
		FA53714223E643A200BA878C /* View */ = {
			isa = PBXGroup;
			children = (
				FA53711523E6420600BA878C /* Main.storyboard */,
				FA53714A23E6566D00BA878C /* listcell.xib */,
				FA53714C23E65A0900BA878C /* UserListCell.swift */,
			);
			path = View;
			sourceTree = "<group>";
		};
		FA53714323E643AC00BA878C /* Controller */ = {
			isa = PBXGroup;
			children = (
				FA53711323E6420600BA878C /* MainViewController.swift */,
				FA53714823E6551300BA878C /* MainVC_Extension.swift */,
				FA53715923E6DB7B00BA878C /* DetailsViewController.swift */,
			);
			path = Controller;
			sourceTree = "<group>";
		};
		FA53714423E651E200BA878C /* UserList */ = {
			isa = PBXGroup;
			children = (
				FA53714323E643AC00BA878C /* Controller */,
				FA53714223E643A200BA878C /* View */,
			);
			path = UserList;
			sourceTree = "<group>";
		};
		FA53714523E651FB00BA878C /* db */ = {
			isa = PBXGroup;
			children = (
				FA53711823E6420600BA878C /* CeloDemo.xcdatamodeld */,
			);
			path = db;
			sourceTree = "<group>";
		};
		FA53715223E66BEE00BA878C /* Utilities */ = {
			isa = PBXGroup;
			children = (
				FA53714E23E65D1500BA878C /* Constants.swift */,
				FA53715023E66BEA00BA878C /* APIHandler.swift */,
				FA53715723E6ABC100BA878C /* DBHandler.swift */,
			);
			path = Utilities;
			sourceTree = "<group>";
		};
/* End PBXGroup section */

/* Begin PBXNativeTarget section */
		FA53710B23E6420600BA878C /* CeloDemo */ = {
			isa = PBXNativeTarget;
			buildConfigurationList = FA53713923E6420B00BA878C /* Build configuration list for PBXNativeTarget "CeloDemo" */;
			buildPhases = (
				1706A57AF3C31F60BE816006 /* [CP] Check Pods Manifest.lock */,
				FA53710823E6420600BA878C /* Sources */,
				FA53710923E6420600BA878C /* Frameworks */,
				FA53710A23E6420600BA878C /* Resources */,
				2530D81DA45CCFCA7D2BE9D2 /* [CP] Embed Pods Frameworks */,
			);
			buildRules = (
			);
			dependencies = (
			);
			name = CeloDemo;
			productName = CeloDemo;
			productReference = FA53710C23E6420600BA878C /* CeloDemo.app */;
			productType = "com.apple.product-type.application";
		};
		FA53712423E6420B00BA878C /* CeloDemoTests */ = {
			isa = PBXNativeTarget;
			buildConfigurationList = FA53713C23E6420B00BA878C /* Build configuration list for PBXNativeTarget "CeloDemoTests" */;
			buildPhases = (
				89CFDFDB3EF92E57F9D25FD4 /* [CP] Check Pods Manifest.lock */,
				FA53712123E6420B00BA878C /* Sources */,
				FA53712223E6420B00BA878C /* Frameworks */,
				FA53712323E6420B00BA878C /* Resources */,
			);
			buildRules = (
			);
			dependencies = (
				FA53712723E6420B00BA878C /* PBXTargetDependency */,
			);
			name = CeloDemoTests;
			productName = CeloDemoTests;
			productReference = FA53712523E6420B00BA878C /* CeloDemoTests.xctest */;
			productType = "com.apple.product-type.bundle.unit-test";
		};
		FA53712F23E6420B00BA878C /* CeloDemoUITests */ = {
			isa = PBXNativeTarget;
			buildConfigurationList = FA53713F23E6420B00BA878C /* Build configuration list for PBXNativeTarget "CeloDemoUITests" */;
			buildPhases = (
				5FAAE50AC3348176AAB818AC /* [CP] Check Pods Manifest.lock */,
				FA53712C23E6420B00BA878C /* Sources */,
				FA53712D23E6420B00BA878C /* Frameworks */,
				FA53712E23E6420B00BA878C /* Resources */,
				AE33BDCCE09138649147D60D /* [CP] Embed Pods Frameworks */,
			);
			buildRules = (
			);
			dependencies = (
				FA53713223E6420B00BA878C /* PBXTargetDependency */,
			);
			name = CeloDemoUITests;
			productName = CeloDemoUITests;
			productReference = FA53713023E6420B00BA878C /* CeloDemoUITests.xctest */;
			productType = "com.apple.product-type.bundle.ui-testing";
		};
/* End PBXNativeTarget section */

/* Begin PBXProject section */
		FA53710423E6420600BA878C /* Project object */ = {
			isa = PBXProject;
			attributes = {
				LastSwiftUpdateCheck = 1130;
				LastUpgradeCheck = 1130;
				ORGANIZATIONNAME = "Maharjan Suman";
				TargetAttributes = {
					FA53710B23E6420600BA878C = {
						CreatedOnToolsVersion = 11.3;
					};
					FA53712423E6420B00BA878C = {
						CreatedOnToolsVersion = 11.3;
						TestTargetID = FA53710B23E6420600BA878C;
					};
					FA53712F23E6420B00BA878C = {
						CreatedOnToolsVersion = 11.3;
						TestTargetID = FA53710B23E6420600BA878C;
					};
				};
			};
			buildConfigurationList = FA53710723E6420600BA878C /* Build configuration list for PBXProject "CeloDemo" */;
			compatibilityVersion = "Xcode 9.3";
			developmentRegion = en;
			hasScannedForEncodings = 0;
			knownRegions = (
				en,
				Base,
			);
			mainGroup = FA53710323E6420600BA878C;
			productRefGroup = FA53710D23E6420600BA878C /* Products */;
			projectDirPath = "";
			projectRoot = "";
			targets = (
				FA53710B23E6420600BA878C /* CeloDemo */,
				FA53712423E6420B00BA878C /* CeloDemoTests */,
				FA53712F23E6420B00BA878C /* CeloDemoUITests */,
			);
		};
/* End PBXProject section */

/* Begin PBXResourcesBuildPhase section */
		FA53710A23E6420600BA878C /* Resources */ = {
			isa = PBXResourcesBuildPhase;
			buildActionMask = 2147483647;
			files = (
				FA53714B23E6566D00BA878C /* listcell.xib in Resources */,
				FA53711F23E6420B00BA878C /* LaunchScreen.storyboard in Resources */,
				FA53711C23E6420B00BA878C /* Assets.xcassets in Resources */,
				FA53711723E6420600BA878C /* Main.storyboard in Resources */,
			);
			runOnlyForDeploymentPostprocessing = 0;
		};
		FA53712323E6420B00BA878C /* Resources */ = {
			isa = PBXResourcesBuildPhase;
			buildActionMask = 2147483647;
			files = (
			);
			runOnlyForDeploymentPostprocessing = 0;
		};
		FA53712E23E6420B00BA878C /* Resources */ = {
			isa = PBXResourcesBuildPhase;
			buildActionMask = 2147483647;
			files = (
			);
			runOnlyForDeploymentPostprocessing = 0;
		};
/* End PBXResourcesBuildPhase section */

/* Begin PBXShellScriptBuildPhase section */
		1706A57AF3C31F60BE816006 /* [CP] Check Pods Manifest.lock */ = {
			isa = PBXShellScriptBuildPhase;
			buildActionMask = 2147483647;
			files = (
			);
			inputFileListPaths = (
			);
			inputPaths = (
				"${PODS_PODFILE_DIR_PATH}/Podfile.lock",
				"${PODS_ROOT}/Manifest.lock",
			);
			name = "[CP] Check Pods Manifest.lock";
			outputFileListPaths = (
			);
			outputPaths = (
				"$(DERIVED_FILE_DIR)/Pods-CeloDemo-checkManifestLockResult.txt",
			);
			runOnlyForDeploymentPostprocessing = 0;
			shellPath = /bin/sh;
			shellScript = "diff \"${PODS_PODFILE_DIR_PATH}/Podfile.lock\" \"${PODS_ROOT}/Manifest.lock\" > /dev/null\nif [ $? != 0 ] ; then\n    # print error to STDERR\n    echo \"error: The sandbox is not in sync with the Podfile.lock. Run 'pod install' or update your CocoaPods installation.\" >&2\n    exit 1\nfi\n# This output is used by Xcode 'outputs' to avoid re-running this script phase.\necho \"SUCCESS\" > \"${SCRIPT_OUTPUT_FILE_0}\"\n";
			showEnvVarsInLog = 0;
		};
		2530D81DA45CCFCA7D2BE9D2 /* [CP] Embed Pods Frameworks */ = {
			isa = PBXShellScriptBuildPhase;
			buildActionMask = 2147483647;
			files = (
			);
			inputFileListPaths = (
				"${PODS_ROOT}/Target Support Files/Pods-CeloDemo/Pods-CeloDemo-frameworks-${CONFIGURATION}-input-files.xcfilelist",
			);
			name = "[CP] Embed Pods Frameworks";
			outputFileListPaths = (
				"${PODS_ROOT}/Target Support Files/Pods-CeloDemo/Pods-CeloDemo-frameworks-${CONFIGURATION}-output-files.xcfilelist",
			);
			runOnlyForDeploymentPostprocessing = 0;
			shellPath = /bin/sh;
			shellScript = "\"${PODS_ROOT}/Target Support Files/Pods-CeloDemo/Pods-CeloDemo-frameworks.sh\"\n";
			showEnvVarsInLog = 0;
		};
		5FAAE50AC3348176AAB818AC /* [CP] Check Pods Manifest.lock */ = {
			isa = PBXShellScriptBuildPhase;
			buildActionMask = 2147483647;
			files = (
			);
			inputFileListPaths = (
			);
			inputPaths = (
				"${PODS_PODFILE_DIR_PATH}/Podfile.lock",
				"${PODS_ROOT}/Manifest.lock",
			);
			name = "[CP] Check Pods Manifest.lock";
			outputFileListPaths = (
			);
			outputPaths = (
				"$(DERIVED_FILE_DIR)/Pods-CeloDemo-CeloDemoUITests-checkManifestLockResult.txt",
			);
			runOnlyForDeploymentPostprocessing = 0;
			shellPath = /bin/sh;
			shellScript = "diff \"${PODS_PODFILE_DIR_PATH}/Podfile.lock\" \"${PODS_ROOT}/Manifest.lock\" > /dev/null\nif [ $? != 0 ] ; then\n    # print error to STDERR\n    echo \"error: The sandbox is not in sync with the Podfile.lock. Run 'pod install' or update your CocoaPods installation.\" >&2\n    exit 1\nfi\n# This output is used by Xcode 'outputs' to avoid re-running this script phase.\necho \"SUCCESS\" > \"${SCRIPT_OUTPUT_FILE_0}\"\n";
			showEnvVarsInLog = 0;
		};
		89CFDFDB3EF92E57F9D25FD4 /* [CP] Check Pods Manifest.lock */ = {
			isa = PBXShellScriptBuildPhase;
			buildActionMask = 2147483647;
			files = (
			);
			inputFileListPaths = (
			);
			inputPaths = (
				"${PODS_PODFILE_DIR_PATH}/Podfile.lock",
				"${PODS_ROOT}/Manifest.lock",
			);
			name = "[CP] Check Pods Manifest.lock";
			outputFileListPaths = (
			);
			outputPaths = (
				"$(DERIVED_FILE_DIR)/Pods-CeloDemoTests-checkManifestLockResult.txt",
			);
			runOnlyForDeploymentPostprocessing = 0;
			shellPath = /bin/sh;
			shellScript = "diff \"${PODS_PODFILE_DIR_PATH}/Podfile.lock\" \"${PODS_ROOT}/Manifest.lock\" > /dev/null\nif [ $? != 0 ] ; then\n    # print error to STDERR\n    echo \"error: The sandbox is not in sync with the Podfile.lock. Run 'pod install' or update your CocoaPods installation.\" >&2\n    exit 1\nfi\n# This output is used by Xcode 'outputs' to avoid re-running this script phase.\necho \"SUCCESS\" > \"${SCRIPT_OUTPUT_FILE_0}\"\n";
			showEnvVarsInLog = 0;
		};
		AE33BDCCE09138649147D60D /* [CP] Embed Pods Frameworks */ = {
			isa = PBXShellScriptBuildPhase;
			buildActionMask = 2147483647;
			files = (
			);
			inputFileListPaths = (
				"${PODS_ROOT}/Target Support Files/Pods-CeloDemo-CeloDemoUITests/Pods-CeloDemo-CeloDemoUITests-frameworks-${CONFIGURATION}-input-files.xcfilelist",
			);
			name = "[CP] Embed Pods Frameworks";
			outputFileListPaths = (
				"${PODS_ROOT}/Target Support Files/Pods-CeloDemo-CeloDemoUITests/Pods-CeloDemo-CeloDemoUITests-frameworks-${CONFIGURATION}-output-files.xcfilelist",
			);
			runOnlyForDeploymentPostprocessing = 0;
			shellPath = /bin/sh;
			shellScript = "\"${PODS_ROOT}/Target Support Files/Pods-CeloDemo-CeloDemoUITests/Pods-CeloDemo-CeloDemoUITests-frameworks.sh\"\n";
			showEnvVarsInLog = 0;
		};
/* End PBXShellScriptBuildPhase section */

/* Begin PBXSourcesBuildPhase section */
		FA53710823E6420600BA878C /* Sources */ = {
			isa = PBXSourcesBuildPhase;
			buildActionMask = 2147483647;
			files = (
				FA53711423E6420600BA878C /* MainViewController.swift in Sources */,
				FA53711A23E6420600BA878C /* CeloDemo.xcdatamodeld in Sources */,
				FA53714D23E65A0900BA878C /* UserListCell.swift in Sources */,
				FA53715823E6ABC100BA878C /* DBHandler.swift in Sources */,
				FA53715123E66BEA00BA878C /* APIHandler.swift in Sources */,
				FA53711023E6420600BA878C /* AppDelegate.swift in Sources */,
				FA53714F23E65D1500BA878C /* Constants.swift in Sources */,
				FA53714923E6551300BA878C /* MainVC_Extension.swift in Sources */,
				FA53711223E6420600BA878C /* SceneDelegate.swift in Sources */,
				FA53715A23E6DB7B00BA878C /* DetailsViewController.swift in Sources */,
			);
			runOnlyForDeploymentPostprocessing = 0;
		};
		FA53712123E6420B00BA878C /* Sources */ = {
			isa = PBXSourcesBuildPhase;
			buildActionMask = 2147483647;
			files = (
				FA53712A23E6420B00BA878C /* CeloDemoTests.swift in Sources */,
			);
			runOnlyForDeploymentPostprocessing = 0;
		};
		FA53712C23E6420B00BA878C /* Sources */ = {
			isa = PBXSourcesBuildPhase;
			buildActionMask = 2147483647;
			files = (
				FA53713523E6420B00BA878C /* CeloDemoUITests.swift in Sources */,
			);
			runOnlyForDeploymentPostprocessing = 0;
		};
/* End PBXSourcesBuildPhase section */

/* Begin PBXTargetDependency section */
		FA53712723E6420B00BA878C /* PBXTargetDependency */ = {
			isa = PBXTargetDependency;
			target = FA53710B23E6420600BA878C /* CeloDemo */;
			targetProxy = FA53712623E6420B00BA878C /* PBXContainerItemProxy */;
		};
		FA53713223E6420B00BA878C /* PBXTargetDependency */ = {
			isa = PBXTargetDependency;
			target = FA53710B23E6420600BA878C /* CeloDemo */;
			targetProxy = FA53713123E6420B00BA878C /* PBXContainerItemProxy */;
		};
/* End PBXTargetDependency section */

/* Begin PBXVariantGroup section */
		FA53711523E6420600BA878C /* Main.storyboard */ = {
			isa = PBXVariantGroup;
			children = (
				FA53711623E6420600BA878C /* Base */,
			);
			name = Main.storyboard;
			sourceTree = "<group>";
		};
		FA53711D23E6420B00BA878C /* LaunchScreen.storyboard */ = {
			isa = PBXVariantGroup;
			children = (
				FA53711E23E6420B00BA878C /* Base */,
			);
			name = LaunchScreen.storyboard;
			sourceTree = "<group>";
		};
/* End PBXVariantGroup section */

/* Begin XCBuildConfiguration section */
		FA53713723E6420B00BA878C /* Debug */ = {
			isa = XCBuildConfiguration;
			buildSettings = {
				ALWAYS_SEARCH_USER_PATHS = NO;
				CLANG_ANALYZER_NONNULL = YES;
				CLANG_ANALYZER_NUMBER_OBJECT_CONVERSION = YES_AGGRESSIVE;
				CLANG_CXX_LANGUAGE_STANDARD = "gnu++14";
				CLANG_CXX_LIBRARY = "libc++";
				CLANG_ENABLE_MODULES = YES;
				CLANG_ENABLE_OBJC_ARC = YES;
				CLANG_ENABLE_OBJC_WEAK = YES;
				CLANG_WARN_BLOCK_CAPTURE_AUTORELEASING = YES;
				CLANG_WARN_BOOL_CONVERSION = YES;
				CLANG_WARN_COMMA = YES;
				CLANG_WARN_CONSTANT_CONVERSION = YES;
				CLANG_WARN_DEPRECATED_OBJC_IMPLEMENTATIONS = YES;
				CLANG_WARN_DIRECT_OBJC_ISA_USAGE = YES_ERROR;
				CLANG_WARN_DOCUMENTATION_COMMENTS = YES;
				CLANG_WARN_EMPTY_BODY = YES;
				CLANG_WARN_ENUM_CONVERSION = YES;
				CLANG_WARN_INFINITE_RECURSION = YES;
				CLANG_WARN_INT_CONVERSION = YES;
				CLANG_WARN_NON_LITERAL_NULL_CONVERSION = YES;
				CLANG_WARN_OBJC_IMPLICIT_RETAIN_SELF = YES;
				CLANG_WARN_OBJC_LITERAL_CONVERSION = YES;
				CLANG_WARN_OBJC_ROOT_CLASS = YES_ERROR;
				CLANG_WARN_RANGE_LOOP_ANALYSIS = YES;
				CLANG_WARN_STRICT_PROTOTYPES = YES;
				CLANG_WARN_SUSPICIOUS_MOVE = YES;
				CLANG_WARN_UNGUARDED_AVAILABILITY = YES_AGGRESSIVE;
				CLANG_WARN_UNREACHABLE_CODE = YES;
				CLANG_WARN__DUPLICATE_METHOD_MATCH = YES;
				COPY_PHASE_STRIP = NO;
				DEBUG_INFORMATION_FORMAT = dwarf;
				ENABLE_STRICT_OBJC_MSGSEND = YES;
				ENABLE_TESTABILITY = YES;
				GCC_C_LANGUAGE_STANDARD = gnu11;
				GCC_DYNAMIC_NO_PIC = NO;
				GCC_NO_COMMON_BLOCKS = YES;
				GCC_OPTIMIZATION_LEVEL = 0;
				GCC_PREPROCESSOR_DEFINITIONS = (
					"DEBUG=1",
					"$(inherited)",
				);
				GCC_WARN_64_TO_32_BIT_CONVERSION = YES;
				GCC_WARN_ABOUT_RETURN_TYPE = YES_ERROR;
				GCC_WARN_UNDECLARED_SELECTOR = YES;
				GCC_WARN_UNINITIALIZED_AUTOS = YES_AGGRESSIVE;
				GCC_WARN_UNUSED_FUNCTION = YES;
				GCC_WARN_UNUSED_VARIABLE = YES;
				INFOPLIST_FILE = "";
				IPHONEOS_DEPLOYMENT_TARGET = 13.2;
				MTL_ENABLE_DEBUG_INFO = INCLUDE_SOURCE;
				MTL_FAST_MATH = YES;
				ONLY_ACTIVE_ARCH = YES;
				SDKROOT = iphoneos;
				SWIFT_ACTIVE_COMPILATION_CONDITIONS = DEBUG;
				SWIFT_OPTIMIZATION_LEVEL = "-Onone";
			};
			name = Debug;
		};
		FA53713823E6420B00BA878C /* Release */ = {
			isa = XCBuildConfiguration;
			buildSettings = {
				ALWAYS_SEARCH_USER_PATHS = NO;
				CLANG_ANALYZER_NONNULL = YES;
				CLANG_ANALYZER_NUMBER_OBJECT_CONVERSION = YES_AGGRESSIVE;
				CLANG_CXX_LANGUAGE_STANDARD = "gnu++14";
				CLANG_CXX_LIBRARY = "libc++";
				CLANG_ENABLE_MODULES = YES;
				CLANG_ENABLE_OBJC_ARC = YES;
				CLANG_ENABLE_OBJC_WEAK = YES;
				CLANG_WARN_BLOCK_CAPTURE_AUTORELEASING = YES;
				CLANG_WARN_BOOL_CONVERSION = YES;
				CLANG_WARN_COMMA = YES;
				CLANG_WARN_CONSTANT_CONVERSION = YES;
				CLANG_WARN_DEPRECATED_OBJC_IMPLEMENTATIONS = YES;
				CLANG_WARN_DIRECT_OBJC_ISA_USAGE = YES_ERROR;
				CLANG_WARN_DOCUMENTATION_COMMENTS = YES;
				CLANG_WARN_EMPTY_BODY = YES;
				CLANG_WARN_ENUM_CONVERSION = YES;
				CLANG_WARN_INFINITE_RECURSION = YES;
				CLANG_WARN_INT_CONVERSION = YES;
				CLANG_WARN_NON_LITERAL_NULL_CONVERSION = YES;
				CLANG_WARN_OBJC_IMPLICIT_RETAIN_SELF = YES;
				CLANG_WARN_OBJC_LITERAL_CONVERSION = YES;
				CLANG_WARN_OBJC_ROOT_CLASS = YES_ERROR;
				CLANG_WARN_RANGE_LOOP_ANALYSIS = YES;
				CLANG_WARN_STRICT_PROTOTYPES = YES;
				CLANG_WARN_SUSPICIOUS_MOVE = YES;
				CLANG_WARN_UNGUARDED_AVAILABILITY = YES_AGGRESSIVE;
				CLANG_WARN_UNREACHABLE_CODE = YES;
				CLANG_WARN__DUPLICATE_METHOD_MATCH = YES;
				COPY_PHASE_STRIP = NO;
				DEBUG_INFORMATION_FORMAT = "dwarf-with-dsym";
				ENABLE_NS_ASSERTIONS = NO;
				ENABLE_STRICT_OBJC_MSGSEND = YES;
				GCC_C_LANGUAGE_STANDARD = gnu11;
				GCC_NO_COMMON_BLOCKS = YES;
				GCC_WARN_64_TO_32_BIT_CONVERSION = YES;
				GCC_WARN_ABOUT_RETURN_TYPE = YES_ERROR;
				GCC_WARN_UNDECLARED_SELECTOR = YES;
				GCC_WARN_UNINITIALIZED_AUTOS = YES_AGGRESSIVE;
				GCC_WARN_UNUSED_FUNCTION = YES;
				GCC_WARN_UNUSED_VARIABLE = YES;
				INFOPLIST_FILE = "";
				IPHONEOS_DEPLOYMENT_TARGET = 13.2;
				MTL_ENABLE_DEBUG_INFO = NO;
				MTL_FAST_MATH = YES;
				SDKROOT = iphoneos;
				SWIFT_COMPILATION_MODE = wholemodule;
				SWIFT_OPTIMIZATION_LEVEL = "-O";
				VALIDATE_PRODUCT = YES;
			};
			name = Release;
		};
		FA53713A23E6420B00BA878C /* Debug */ = {
			isa = XCBuildConfiguration;
			baseConfigurationReference = DA97DA4D1FBBA58949FF8E87 /* Pods-CeloDemo.debug.xcconfig */;
			buildSettings = {
				ASSETCATALOG_COMPILER_APPICON_NAME = AppIcon;
				CODE_SIGN_STYLE = Automatic;
				DEVELOPMENT_TEAM = RYQ9J6P64B;
				INFOPLIST_FILE = CeloDemo/Info.plist;
				LD_RUNPATH_SEARCH_PATHS = (
					"$(inherited)",
					"@executable_path/Frameworks",
				);
				PRODUCT_BUNDLE_IDENTIFIER = Maharjan.Suman.CeloDemo;
				PRODUCT_NAME = "$(TARGET_NAME)";
				SWIFT_VERSION = 5.0;
				TARGETED_DEVICE_FAMILY = "1,2";
			};
			name = Debug;
		};
		FA53713B23E6420B00BA878C /* Release */ = {
			isa = XCBuildConfiguration;
			baseConfigurationReference = 60A808180CB00C213980602B /* Pods-CeloDemo.release.xcconfig */;
			buildSettings = {
				ASSETCATALOG_COMPILER_APPICON_NAME = AppIcon;
				CODE_SIGN_STYLE = Automatic;
				DEVELOPMENT_TEAM = RYQ9J6P64B;
				INFOPLIST_FILE = CeloDemo/Info.plist;
				LD_RUNPATH_SEARCH_PATHS = (
					"$(inherited)",
					"@executable_path/Frameworks",
				);
				PRODUCT_BUNDLE_IDENTIFIER = Maharjan.Suman.CeloDemo;
				PRODUCT_NAME = "$(TARGET_NAME)";
				SWIFT_VERSION = 5.0;
				TARGETED_DEVICE_FAMILY = "1,2";
			};
			name = Release;
		};
		FA53713D23E6420B00BA878C /* Debug */ = {
			isa = XCBuildConfiguration;
			baseConfigurationReference = C7B6BDF609C4E293BC15D20F /* Pods-CeloDemoTests.debug.xcconfig */;
			buildSettings = {
				ALWAYS_EMBED_SWIFT_STANDARD_LIBRARIES = YES;
				BUNDLE_LOADER = "$(TEST_HOST)";
				CODE_SIGN_STYLE = Automatic;
				DEVELOPMENT_TEAM = RYQ9J6P64B;
				INFOPLIST_FILE = CeloDemoTests/Info.plist;
				IPHONEOS_DEPLOYMENT_TARGET = 13.2;
				LD_RUNPATH_SEARCH_PATHS = (
					"$(inherited)",
					"@executable_path/Frameworks",
					"@loader_path/Frameworks",
				);
				PRODUCT_BUNDLE_IDENTIFIER = Maharjan.Suman.CeloDemoTests;
				PRODUCT_NAME = "$(TARGET_NAME)";
				SWIFT_VERSION = 5.0;
				TARGETED_DEVICE_FAMILY = "1,2";
				TEST_HOST = "$(BUILT_PRODUCTS_DIR)/CeloDemo.app/CeloDemo";
			};
			name = Debug;
		};
		FA53713E23E6420B00BA878C /* Release */ = {
			isa = XCBuildConfiguration;
			baseConfigurationReference = A73438D30013190B5979458D /* Pods-CeloDemoTests.release.xcconfig */;
			buildSettings = {
				ALWAYS_EMBED_SWIFT_STANDARD_LIBRARIES = YES;
				BUNDLE_LOADER = "$(TEST_HOST)";
				CODE_SIGN_STYLE = Automatic;
				DEVELOPMENT_TEAM = RYQ9J6P64B;
				INFOPLIST_FILE = CeloDemoTests/Info.plist;
				IPHONEOS_DEPLOYMENT_TARGET = 13.2;
				LD_RUNPATH_SEARCH_PATHS = (
					"$(inherited)",
					"@executable_path/Frameworks",
					"@loader_path/Frameworks",
				);
				PRODUCT_BUNDLE_IDENTIFIER = Maharjan.Suman.CeloDemoTests;
				PRODUCT_NAME = "$(TARGET_NAME)";
				SWIFT_VERSION = 5.0;
				TARGETED_DEVICE_FAMILY = "1,2";
				TEST_HOST = "$(BUILT_PRODUCTS_DIR)/CeloDemo.app/CeloDemo";
			};
			name = Release;
		};
		FA53714023E6420B00BA878C /* Debug */ = {
			isa = XCBuildConfiguration;
			baseConfigurationReference = 7D19CED9B4F5F3F6FDCFAD19 /* Pods-CeloDemo-CeloDemoUITests.debug.xcconfig */;
			buildSettings = {
				ALWAYS_EMBED_SWIFT_STANDARD_LIBRARIES = YES;
				CODE_SIGN_STYLE = Automatic;
				DEVELOPMENT_TEAM = RYQ9J6P64B;
				INFOPLIST_FILE = CeloDemoUITests/Info.plist;
				LD_RUNPATH_SEARCH_PATHS = (
					"$(inherited)",
					"@executable_path/Frameworks",
					"@loader_path/Frameworks",
				);
				PRODUCT_BUNDLE_IDENTIFIER = Maharjan.Suman.CeloDemoUITests;
				PRODUCT_NAME = "$(TARGET_NAME)";
				SWIFT_VERSION = 5.0;
				TARGETED_DEVICE_FAMILY = "1,2";
				TEST_TARGET_NAME = CeloDemo;
			};
			name = Debug;
		};
		FA53714123E6420B00BA878C /* Release */ = {
			isa = XCBuildConfiguration;
			baseConfigurationReference = 94F3E60B9128096C6EF39637 /* Pods-CeloDemo-CeloDemoUITests.release.xcconfig */;
			buildSettings = {
				ALWAYS_EMBED_SWIFT_STANDARD_LIBRARIES = YES;
				CODE_SIGN_STYLE = Automatic;
				DEVELOPMENT_TEAM = RYQ9J6P64B;
				INFOPLIST_FILE = CeloDemoUITests/Info.plist;
				LD_RUNPATH_SEARCH_PATHS = (
					"$(inherited)",
					"@executable_path/Frameworks",
					"@loader_path/Frameworks",
				);
				PRODUCT_BUNDLE_IDENTIFIER = Maharjan.Suman.CeloDemoUITests;
				PRODUCT_NAME = "$(TARGET_NAME)";
				SWIFT_VERSION = 5.0;
				TARGETED_DEVICE_FAMILY = "1,2";
				TEST_TARGET_NAME = CeloDemo;
			};
			name = Release;
		};
/* End XCBuildConfiguration section */

/* Begin XCConfigurationList section */
		FA53710723E6420600BA878C /* Build configuration list for PBXProject "CeloDemo" */ = {
			isa = XCConfigurationList;
			buildConfigurations = (
				FA53713723E6420B00BA878C /* Debug */,
				FA53713823E6420B00BA878C /* Release */,
			);
			defaultConfigurationIsVisible = 0;
			defaultConfigurationName = Release;
		};
		FA53713923E6420B00BA878C /* Build configuration list for PBXNativeTarget "CeloDemo" */ = {
			isa = XCConfigurationList;
			buildConfigurations = (
				FA53713A23E6420B00BA878C /* Debug */,
				FA53713B23E6420B00BA878C /* Release */,
			);
			defaultConfigurationIsVisible = 0;
			defaultConfigurationName = Release;
		};
		FA53713C23E6420B00BA878C /* Build configuration list for PBXNativeTarget "CeloDemoTests" */ = {
			isa = XCConfigurationList;
			buildConfigurations = (
				FA53713D23E6420B00BA878C /* Debug */,
				FA53713E23E6420B00BA878C /* Release */,
			);
			defaultConfigurationIsVisible = 0;
			defaultConfigurationName = Release;
		};
		FA53713F23E6420B00BA878C /* Build configuration list for PBXNativeTarget "CeloDemoUITests" */ = {
			isa = XCConfigurationList;
			buildConfigurations = (
				FA53714023E6420B00BA878C /* Debug */,
				FA53714123E6420B00BA878C /* Release */,
			);
			defaultConfigurationIsVisible = 0;
			defaultConfigurationName = Release;
		};
/* End XCConfigurationList section */

/* Begin XCVersionGroup section */
		FA53711823E6420600BA878C /* CeloDemo.xcdatamodeld */ = {
			isa = XCVersionGroup;
			children = (
				FA53711923E6420600BA878C /* CeloDemo.xcdatamodel */,
			);
			currentVersion = FA53711923E6420600BA878C /* CeloDemo.xcdatamodel */;
			path = CeloDemo.xcdatamodeld;
			sourceTree = "<group>";
			versionGroupType = wrapper.xcdatamodel;
		};
/* End XCVersionGroup section */
	};
	rootObject = FA53710423E6420600BA878C /* Project object */;
}
